
Microsoft Visual Studio Solution File, Format Version 11.00
# Visual Studio 2010
Project("{FAE04EC0-301F-11D3-BF4B-00C04F79EFBC}") = "RiiFsServer", "RiiFsServer\RiiFsServer.csproj", "{5CD115D3-B0FE-402D-AD2D-1AE5D0C53AA4}"
EndProject
Global
	GlobalSection(SolutionConfigurationPlatforms) = preSolution
		Debug|Any CPU = Debug|Any CPU
		Release|Any CPU = Release|Any CPU
	EndGlobalSection
	GlobalSection(ProjectConfigurationPlatforms) = postSolution
		{5CD115D3-B0FE-402D-AD2D-1AE5D0C53AA4}.Debug|Any CPU.ActiveCfg = Debug|Any CPU
		{5CD115D3-B0FE-402D-AD2D-1AE5D0C53AA4}.Debug|Any CPU.Build.0 = Debug|Any CPU
		{5CD115D3-B0FE-402D-AD2D-1AE5D0C53AA4}.Release|Any CPU.ActiveCfg = Release|Any CPU
		{5CD115D3-B0FE-402D-AD2D-1AE5D0C53AA4}.Release|Any CPU.Build.0 = Release|Any CPU
	EndGlobalSection
	GlobalSection(SolutionProperties) = preSolution
		HideSolutionNode = FALSE
	EndGlobalSection
EndGlobal
