
Microsoft Visual Studio Solution File, Format Version 11.00
# Visual Studio 2010
Project("{2150E333-8FDC-42A3-9474-1A3956D46DE8}") = "PS3", "PS3", "{9FF72690-C95F-46CB-9A45-8EEF65F0A0CA}"
EndProject
Project("{2150E333-8FDC-42A3-9474-1A3956D46DE8}") = "Wii", "Wii", "{F804F883-1D92-4164-B68E-06907923933B}"
EndProject
Project("{2150E333-8FDC-42A3-9474-1A3956D46DE8}") = "Games", "Games", "{70B45E62-FF2D-4552-BEC2-66658ECE7192}"
EndProject
Project("{2150E333-8FDC-42A3-9474-1A3956D46DE8}") = "Apps", "Apps", "{0EC01603-8A2F-4D92-99F9-41589D2CEAE0}"
EndProject
Project("{2150E333-8FDC-42A3-9474-1A3956D46DE8}") = "Minitools", "Minitools", "{8CCD9D62-8993-48E6-BDDE-C2C8A2AE86F6}"
EndProject
Project("{FAE04EC0-301F-11D3-BF4B-00C04F79EFBC}") = "ConsoleHaxx.Common", "ConsoleHaxx.Common\ConsoleHaxx.Common.csproj", "{EA22859F-2A36-43F4-9402-8E78910698D6}"
EndProject
Project("{FAE04EC0-301F-11D3-BF4B-00C04F79EFBC}") = "ConsoleHaxx.PS3", "ConsoleHaxx.PS3\ConsoleHaxx.PS3.csproj", "{C33DDF22-7FD9-4290-A259-B8D3F19D1973}"
EndProject
Project("{FAE04EC0-301F-11D3-BF4B-00C04F79EFBC}") = "ConsoleHaxx.Wii", "ConsoleHaxx.Wii\ConsoleHaxx.Wii.csproj", "{E9230C21-6B3D-481B-AB69-0A6958E0B2E9}"
EndProject
Project("{FAE04EC0-301F-11D3-BF4B-00C04F79EFBC}") = "ConsoleHaxx.Neversoft", "ConsoleHaxx.Neversoft\ConsoleHaxx.Neversoft.csproj", "{BCFE649C-90E8-4BE4-904A-CCB9165740D4}"
EndProject
Project("{FAE04EC0-301F-11D3-BF4B-00C04F79EFBC}") = "ConsoleHaxx.Harmonix", "ConsoleHaxx.Harmonix\ConsoleHaxx.Harmonix.csproj", "{64055A28-36FB-48B9-B8D4-8B3F39D31EB0}"
EndProject
Project("{FAE04EC0-301F-11D3-BF4B-00C04F79EFBC}") = "ConsoleHaxx.FreeStyleGames", "ConsoleHaxx.FreeStyleGames\ConsoleHaxx.FreeStyleGames.csproj", "{8A59E772-C042-45E0-84F8-5F22197538CA}"
EndProject
Project("{FAE04EC0-301F-11D3-BF4B-00C04F79EFBC}") = "ConsoleHaxx.RawkSD", "ConsoleHaxx.RawkSD\ConsoleHaxx.RawkSD.csproj", "{EA64750E-6CC3-4930-9ACC-57AC5CD19B10}"
EndProject
Project("{FAE04EC0-301F-11D3-BF4B-00C04F79EFBC}") = "ArkExtractor", "ArkExtractor\ArkExtractor.csproj", "{F4D4C608-B87C-440C-8AED-64CCB62A8B73}"
EndProject
Project("{FAE04EC0-301F-11D3-BF4B-00C04F79EFBC}") = "AmplitudeSongExtractor", "AmplitudeSongExtractor\AmplitudeSongExtractor.csproj", "{00EC3085-8F3C-4479-B8EF-6F5C755A1481}"
EndProject
Project("{FAE04EC0-301F-11D3-BF4B-00C04F79EFBC}") = "ConsoleHaxx.RawkSD.SWF", "ConsoleHaxx.RawkSD.SWF\ConsoleHaxx.RawkSD.SWF.csproj", "{130705CE-EC21-4220-8EC5-CC27D22E8A67}"
EndProject
Project("{FAE04EC0-301F-11D3-BF4B-00C04F79EFBC}") = "WiidiscExtractor", "Minitools\WiidiscExtractor\WiidiscExtractor.csproj", "{08958F15-CD5A-4BD6-85E2-449BD1843ADF}"
EndProject
Project("{FAE04EC0-301F-11D3-BF4B-00C04F79EFBC}") = "U8Extractor", "Minitools\U8Extractor\U8Extractor.csproj", "{ACDE7E52-000D-40AA-B54B-8F36643B5861}"
EndProject
Project("{FAE04EC0-301F-11D3-BF4B-00C04F79EFBC}") = "ConsoleHaxx.Graces", "ConsoleHaxx.Graces\ConsoleHaxx.Graces.csproj", "{59853FA4-36B8-41B3-955F-656EFCD88D5C}"
EndProject
Project("{FAE04EC0-301F-11D3-BF4B-00C04F79EFBC}") = "Graceful", "Minitools\Graceful\Graceful.csproj", "{46D80E2B-6272-47E4-A6F6-CF6BE49EC339}"
EndProject
Project("{FAE04EC0-301F-11D3-BF4B-00C04F79EFBC}") = "RiiGHOST", "Minitools\RiiGHOST\RiiGHOST.csproj", "{4313DE11-5361-4CA7-9C32-66DAC758555C}"
EndProject
Global
	GlobalSection(SolutionConfigurationPlatforms) = preSolution
		Debug|Any CPU = Debug|Any CPU
		Release|Any CPU = Release|Any CPU
	EndGlobalSection
	GlobalSection(ProjectConfigurationPlatforms) = postSolution
		{EA22859F-2A36-43F4-9402-8E78910698D6}.Debug|Any CPU.ActiveCfg = Debug|Any CPU
		{EA22859F-2A36-43F4-9402-8E78910698D6}.Debug|Any CPU.Build.0 = Debug|Any CPU
		{EA22859F-2A36-43F4-9402-8E78910698D6}.Release|Any CPU.ActiveCfg = Release|Any CPU
		{EA22859F-2A36-43F4-9402-8E78910698D6}.Release|Any CPU.Build.0 = Release|Any CPU
		{C33DDF22-7FD9-4290-A259-B8D3F19D1973}.Debug|Any CPU.ActiveCfg = Debug|Any CPU
		{C33DDF22-7FD9-4290-A259-B8D3F19D1973}.Debug|Any CPU.Build.0 = Debug|Any CPU
		{C33DDF22-7FD9-4290-A259-B8D3F19D1973}.Release|Any CPU.ActiveCfg = Release|Any CPU
		{C33DDF22-7FD9-4290-A259-B8D3F19D1973}.Release|Any CPU.Build.0 = Release|Any CPU
		{E9230C21-6B3D-481B-AB69-0A6958E0B2E9}.Debug|Any CPU.ActiveCfg = Debug|Any CPU
		{E9230C21-6B3D-481B-AB69-0A6958E0B2E9}.Debug|Any CPU.Build.0 = Debug|Any CPU
		{E9230C21-6B3D-481B-AB69-0A6958E0B2E9}.Release|Any CPU.ActiveCfg = Release|Any CPU
		{E9230C21-6B3D-481B-AB69-0A6958E0B2E9}.Release|Any CPU.Build.0 = Release|Any CPU
		{BCFE649C-90E8-4BE4-904A-CCB9165740D4}.Debug|Any CPU.ActiveCfg = Debug|Any CPU
		{BCFE649C-90E8-4BE4-904A-CCB9165740D4}.Debug|Any CPU.Build.0 = Debug|Any CPU
		{BCFE649C-90E8-4BE4-904A-CCB9165740D4}.Release|Any CPU.ActiveCfg = Release|Any CPU
		{BCFE649C-90E8-4BE4-904A-CCB9165740D4}.Release|Any CPU.Build.0 = Release|Any CPU
		{64055A28-36FB-48B9-B8D4-8B3F39D31EB0}.Debug|Any CPU.ActiveCfg = Debug|Any CPU
		{64055A28-36FB-48B9-B8D4-8B3F39D31EB0}.Debug|Any CPU.Build.0 = Debug|Any CPU
		{64055A28-36FB-48B9-B8D4-8B3F39D31EB0}.Release|Any CPU.ActiveCfg = Release|Any CPU
		{8A59E772-C042-45E0-84F8-5F22197538CA}.Debug|Any CPU.ActiveCfg = Debug|Any CPU
		{8A59E772-C042-45E0-84F8-5F22197538CA}.Debug|Any CPU.Build.0 = Debug|Any CPU
		{8A59E772-C042-45E0-84F8-5F22197538CA}.Release|Any CPU.ActiveCfg = Release|Any CPU
		{8A59E772-C042-45E0-84F8-5F22197538CA}.Release|Any CPU.Build.0 = Release|Any CPU
		{EA64750E-6CC3-4930-9ACC-57AC5CD19B10}.Debug|Any CPU.ActiveCfg = Debug|Any CPU
		{EA64750E-6CC3-4930-9ACC-57AC5CD19B10}.Debug|Any CPU.Build.0 = Debug|Any CPU
		{EA64750E-6CC3-4930-9ACC-57AC5CD19B10}.Release|Any CPU.ActiveCfg = Release|Any CPU
		{F4D4C608-B87C-440C-8AED-64CCB62A8B73}.Debug|Any CPU.ActiveCfg = Debug|Any CPU
		{F4D4C608-B87C-440C-8AED-64CCB62A8B73}.Debug|Any CPU.Build.0 = Debug|Any CPU
		{F4D4C608-B87C-440C-8AED-64CCB62A8B73}.Release|Any CPU.ActiveCfg = Release|Any CPU
		{00EC3085-8F3C-4479-B8EF-6F5C755A1481}.Debug|Any CPU.ActiveCfg = Debug|Any CPU
		{00EC3085-8F3C-4479-B8EF-6F5C755A1481}.Debug|Any CPU.Build.0 = Debug|Any CPU
		{00EC3085-8F3C-4479-B8EF-6F5C755A1481}.Release|Any CPU.ActiveCfg = Release|Any CPU
		{130705CE-EC21-4220-8EC5-CC27D22E8A67}.Debug|Any CPU.ActiveCfg = Debug|Any CPU
		{130705CE-EC21-4220-8EC5-CC27D22E8A67}.Debug|Any CPU.Build.0 = Debug|Any CPU
		{130705CE-EC21-4220-8EC5-CC27D22E8A67}.Release|Any CPU.ActiveCfg = Release|Any CPU
		{08958F15-CD5A-4BD6-85E2-449BD1843ADF}.Debug|Any CPU.ActiveCfg = Debug|Any CPU
		{08958F15-CD5A-4BD6-85E2-449BD1843ADF}.Debug|Any CPU.Build.0 = Debug|Any CPU
		{08958F15-CD5A-4BD6-85E2-449BD1843ADF}.Release|Any CPU.ActiveCfg = Release|Any CPU
		{08958F15-CD5A-4BD6-85E2-449BD1843ADF}.Release|Any CPU.Build.0 = Release|Any CPU
		{ACDE7E52-000D-40AA-B54B-8F36643B5861}.Debug|Any CPU.ActiveCfg = Debug|Any CPU
		{ACDE7E52-000D-40AA-B54B-8F36643B5861}.Debug|Any CPU.Build.0 = Debug|Any CPU
		{ACDE7E52-000D-40AA-B54B-8F36643B5861}.Release|Any CPU.ActiveCfg = Release|Any CPU
		{ACDE7E52-000D-40AA-B54B-8F36643B5861}.Release|Any CPU.Build.0 = Release|Any CPU
		{59853FA4-36B8-41B3-955F-656EFCD88D5C}.Debug|Any CPU.ActiveCfg = Debug|Any CPU
		{59853FA4-36B8-41B3-955F-656EFCD88D5C}.Debug|Any CPU.Build.0 = Debug|Any CPU
		{59853FA4-36B8-41B3-955F-656EFCD88D5C}.Release|Any CPU.ActiveCfg = Release|Any CPU
		{59853FA4-36B8-41B3-955F-656EFCD88D5C}.Release|Any CPU.Build.0 = Release|Any CPU
		{46D80E2B-6272-47E4-A6F6-CF6BE49EC339}.Debug|Any CPU.ActiveCfg = Debug|Any CPU
		{46D80E2B-6272-47E4-A6F6-CF6BE49EC339}.Debug|Any CPU.Build.0 = Debug|Any CPU
		{46D80E2B-6272-47E4-A6F6-CF6BE49EC339}.Release|Any CPU.ActiveCfg = Release|Any CPU
		{46D80E2B-6272-47E4-A6F6-CF6BE49EC339}.Release|Any CPU.Build.0 = Release|Any CPU
		{4313DE11-5361-4CA7-9C32-66DAC758555C}.Debug|Any CPU.ActiveCfg = Debug|Any CPU
		{4313DE11-5361-4CA7-9C32-66DAC758555C}.Debug|Any CPU.Build.0 = Debug|Any CPU
		{4313DE11-5361-4CA7-9C32-66DAC758555C}.Release|Any CPU.ActiveCfg = Release|Any CPU
		{4313DE11-5361-4CA7-9C32-66DAC758555C}.Release|Any CPU.Build.0 = Release|Any CPU
	EndGlobalSection
	GlobalSection(SolutionProperties) = preSolution
		HideSolutionNode = FALSE
	EndGlobalSection
	GlobalSection(NestedProjects) = preSolution
		{C33DDF22-7FD9-4290-A259-B8D3F19D1973} = {9FF72690-C95F-46CB-9A45-8EEF65F0A0CA}
		{E9230C21-6B3D-481B-AB69-0A6958E0B2E9} = {F804F883-1D92-4164-B68E-06907923933B}
		{BCFE649C-90E8-4BE4-904A-CCB9165740D4} = {70B45E62-FF2D-4552-BEC2-66658ECE7192}
		{64055A28-36FB-48B9-B8D4-8B3F39D31EB0} = {70B45E62-FF2D-4552-BEC2-66658ECE7192}
		{8A59E772-C042-45E0-84F8-5F22197538CA} = {70B45E62-FF2D-4552-BEC2-66658ECE7192}
		{59853FA4-36B8-41B3-955F-656EFCD88D5C} = {70B45E62-FF2D-4552-BEC2-66658ECE7192}
		{F4D4C608-B87C-440C-8AED-64CCB62A8B73} = {0EC01603-8A2F-4D92-99F9-41589D2CEAE0}
		{00EC3085-8F3C-4479-B8EF-6F5C755A1481} = {0EC01603-8A2F-4D92-99F9-41589D2CEAE0}
		{08958F15-CD5A-4BD6-85E2-449BD1843ADF} = {8CCD9D62-8993-48E6-BDDE-C2C8A2AE86F6}
		{ACDE7E52-000D-40AA-B54B-8F36643B5861} = {8CCD9D62-8993-48E6-BDDE-C2C8A2AE86F6}
		{46D80E2B-6272-47E4-A6F6-CF6BE49EC339} = {8CCD9D62-8993-48E6-BDDE-C2C8A2AE86F6}
		{4313DE11-5361-4CA7-9C32-66DAC758555C} = {8CCD9D62-8993-48E6-BDDE-C2C8A2AE86F6}
	EndGlobalSection
EndGlobal
