
Microsoft Visual Studio Solution File, Format Version 9.00
# Visual Studio 2005
Project("{8BC9CEB8-8B4A-11D0-8D11-00A0C91BC942}") = "server-c", "server-c.vcproj", "{C8C26DD5-3E42-4C72-8975-D976D0C1389F}"
EndProject
Global
	GlobalSection(SolutionConfigurationPlatforms) = preSolution
		Debug|Win32 = Debug|Win32
		Release|Win32 = Release|Win32
	EndGlobalSection
	GlobalSection(ProjectConfigurationPlatforms) = postSolution
		{C8C26DD5-3E42-4C72-8975-D976D0C1389F}.Debug|Win32.ActiveCfg = Debug|Win32
		{C8C26DD5-3E42-4C72-8975-D976D0C1389F}.Debug|Win32.Build.0 = Debug|Win32
		{C8C26DD5-3E42-4C72-8975-D976D0C1389F}.Release|Win32.ActiveCfg = Release|Win32
		{C8C26DD5-3E42-4C72-8975-D976D0C1389F}.Release|Win32.Build.0 = Release|Win32
	EndGlobalSection
	GlobalSection(SolutionProperties) = preSolution
		HideSolutionNode = FALSE
	EndGlobalSection
EndGlobal
